// !$*UTF8*$!
{
	archiveVersion = 1;
	classes = {
	};
	objectVersion = 51;
	objects = {

/* Begin PBXBuildFile section */
		231E5F45B01E001FA558DE44 /* Pods_RequestManBa.framework in Frameworks */ = {isa = PBXBuildFile; fileRef = D5B25D5BDB6C57646710349E /* Pods_RequestManBa.framework */; };
		498EA86324A20CDA003633AB /* temp.gloabs.json in Resources */ = {isa = PBXBuildFile; fileRef = 498EA86224A20CDA003633AB /* temp.gloabs.json */; };
		498EA86624A20D68003633AB /* MBGloabsModel.m in Sources */ = {isa = PBXBuildFile; fileRef = 498EA86524A20D68003633AB /* MBGloabsModel.m */; };
		499447A724921B2700035769 /* AppDelegate.m in Sources */ = {isa = PBXBuildFile; fileRef = 499447A624921B2700035769 /* AppDelegate.m */; };
		499447AD24921B2700035769 /* HistoryViewController.m in Sources */ = {isa = PBXBuildFile; fileRef = 499447AC24921B2700035769 /* HistoryViewController.m */; };
		499447B224921B2800035769 /* Assets.xcassets in Resources */ = {isa = PBXBuildFile; fileRef = 499447B124921B2800035769 /* Assets.xcassets */; };
		499447B524921B2800035769 /* LaunchScreen.storyboard in Resources */ = {isa = PBXBuildFile; fileRef = 499447B324921B2800035769 /* LaunchScreen.storyboard */; };
		499447B824921B2800035769 /* main.m in Sources */ = {isa = PBXBuildFile; fileRef = 499447B724921B2800035769 /* main.m */; };
		499447C224921B2900035769 /* RequestManBaTests.m in Sources */ = {isa = PBXBuildFile; fileRef = 499447C124921B2900035769 /* RequestManBaTests.m */; };
		499447CD24921B2900035769 /* RequestManBaUITests.m in Sources */ = {isa = PBXBuildFile; fileRef = 499447CC24921B2900035769 /* RequestManBaUITests.m */; };
		499447DC2492219300035769 /* MainTabBarController.m in Sources */ = {isa = PBXBuildFile; fileRef = 499447DB2492219300035769 /* MainTabBarController.m */; };
		499447DF249221A800035769 /* MainNavigationController.m in Sources */ = {isa = PBXBuildFile; fileRef = 499447DE249221A800035769 /* MainNavigationController.m */; };
		499447E3249227C600035769 /* RequestFileModel.m in Sources */ = {isa = PBXBuildFile; fileRef = 499447E2249227C600035769 /* RequestFileModel.m */; };
		499447E524922A7A00035769 /* Postman Echo.postman_collection.json in Resources */ = {isa = PBXBuildFile; fileRef = 499447E424922A7A00035769 /* Postman Echo.postman_collection.json */; };
		499447E824922AA900035769 /* Tools.m in Sources */ = {isa = PBXBuildFile; fileRef = 499447E724922AA900035769 /* Tools.m */; };
		499447EB2492334400035769 /* BaseViewController.m in Sources */ = {isa = PBXBuildFile; fileRef = 499447EA2492334400035769 /* BaseViewController.m */; };
		499447F22492394A00035769 /* VideoApi.postman_collection.json in Resources */ = {isa = PBXBuildFile; fileRef = 499447F12492394A00035769 /* VideoApi.postman_collection.json */; };
		499447F824924B7800035769 /* RequestTool.m in Sources */ = {isa = PBXBuildFile; fileRef = 499447F724924B7800035769 /* RequestTool.m */; };
		499447FF24935EF700035769 /* UIView+Additional.m in Sources */ = {isa = PBXBuildFile; fileRef = 499447FE24935EF700035769 /* UIView+Additional.m */; };
		4994480D2493634B00035769 /* DetailViewController.xib in Resources */ = {isa = PBXBuildFile; fileRef = 4994480A2493634A00035769 /* DetailViewController.xib */; };
		4994480E2493634B00035769 /* DetailViewController.m in Sources */ = {isa = PBXBuildFile; fileRef = 4994480B2493634A00035769 /* DetailViewController.m */; };
		499448122493659B00035769 /* SendTableViewCell.m in Sources */ = {isa = PBXBuildFile; fileRef = 499448102493659B00035769 /* SendTableViewCell.m */; };
		499448132493659B00035769 /* SendTableViewCell.xib in Resources */ = {isa = PBXBuildFile; fileRef = 499448112493659B00035769 /* SendTableViewCell.xib */; };
		49944817249366D300035769 /* HeaderItemTableViewCell.m in Sources */ = {isa = PBXBuildFile; fileRef = 49944815249366D300035769 /* HeaderItemTableViewCell.m */; };
		49944818249366D300035769 /* HeaderItemTableViewCell.xib in Resources */ = {isa = PBXBuildFile; fileRef = 49944816249366D300035769 /* HeaderItemTableViewCell.xib */; };
		4994481B24936CF800035769 /* DetailViewDataSource.m in Sources */ = {isa = PBXBuildFile; fileRef = 4994481A24936CF800035769 /* DetailViewDataSource.m */; };
		4994481F2493743200035769 /* DescpTableViewCell.m in Sources */ = {isa = PBXBuildFile; fileRef = 4994481D2493743100035769 /* DescpTableViewCell.m */; };
		499448202493743200035769 /* DescpTableViewCell.xib in Resources */ = {isa = PBXBuildFile; fileRef = 4994481E2493743200035769 /* DescpTableViewCell.xib */; };
		4994482424937E5700035769 /* DTableViewCell.m in Sources */ = {isa = PBXBuildFile; fileRef = 4994482224937E5700035769 /* DTableViewCell.m */; };
		4994482524937E5700035769 /* DTableViewCell.xib in Resources */ = {isa = PBXBuildFile; fileRef = 4994482324937E5700035769 /* DTableViewCell.xib */; };
		49B0115024971EFC00A8EF37 /* NSDictionary+tool.m in Sources */ = {isa = PBXBuildFile; fileRef = 49B0114F24971EFC00A8EF37 /* NSDictionary+tool.m */; };
		49B0115424973BF100A8EF37 /* CacheTool.m in Sources */ = {isa = PBXBuildFile; fileRef = 49B0115324973BF100A8EF37 /* CacheTool.m */; };
		49B0116624975C1200A8EF37 /* CollectionsViewController.m in Sources */ = {isa = PBXBuildFile; fileRef = 49B0116424975C1200A8EF37 /* CollectionsViewController.m */; };
		49B0116724975C1200A8EF37 /* CollectionsViewController.xib in Resources */ = {isa = PBXBuildFile; fileRef = 49B0116524975C1200A8EF37 /* CollectionsViewController.xib */; };
		49B0116C2497816000A8EF37 /* FileListViewController.m in Sources */ = {isa = PBXBuildFile; fileRef = 49B0116A2497816000A8EF37 /* FileListViewController.m */; };
		49B0116D2497816000A8EF37 /* FileListViewController.xib in Resources */ = {isa = PBXBuildFile; fileRef = 49B0116B2497816000A8EF37 /* FileListViewController.xib */; };
		49B011702497839A00A8EF37 /* ExportFileManager.m in Sources */ = {isa = PBXBuildFile; fileRef = 49B0116F2497839A00A8EF37 /* ExportFileManager.m */; };
		49B011832497953700A8EF37 /* YBPopupMenu.m in Sources */ = {isa = PBXBuildFile; fileRef = 49B011812497953600A8EF37 /* YBPopupMenu.m */; };
		49B01188249798D900A8EF37 /* SettingViewController.m in Sources */ = {isa = PBXBuildFile; fileRef = 49B01186249798D900A8EF37 /* SettingViewController.m */; };
		49B01189249798D900A8EF37 /* SettingViewController.xib in Resources */ = {isa = PBXBuildFile; fileRef = 49B01187249798D900A8EF37 /* SettingViewController.xib */; };
		49B0118D2499F2BF00A8EF37 /* EnvironmentViewController.m in Sources */ = {isa = PBXBuildFile; fileRef = 49B0118B2499F2BE00A8EF37 /* EnvironmentViewController.m */; };
		49B0118E2499F2BF00A8EF37 /* EnvironmentViewController.xib in Resources */ = {isa = PBXBuildFile; fileRef = 49B0118C2499F2BE00A8EF37 /* EnvironmentViewController.xib */; };
		49B011952499F66000A8EF37 /* ParamConfigDetailViewController.m in Sources */ = {isa = PBXBuildFile; fileRef = 49B011932499F66000A8EF37 /* ParamConfigDetailViewController.m */; };
		49B011962499F66000A8EF37 /* ParamConfigDetailViewController.xib in Resources */ = {isa = PBXBuildFile; fileRef = 49B011942499F66000A8EF37 /* ParamConfigDetailViewController.xib */; };
		49B01198249B372F00A8EF37 /* temp.postman_collection.json in Resources */ = {isa = PBXBuildFile; fileRef = 49B01197249B372F00A8EF37 /* temp.postman_collection.json */; };
		55BC41B4DD71623DED199857 /* Pods_RequestManBaTests.framework in Frameworks */ = {isa = PBXBuildFile; fileRef = 8E0D771EF15D39F38F0705D7 /* Pods_RequestManBaTests.framework */; };
		7009487B64F519FD6D0561F5 /* Pods_RequestManBa_RequestManBaUITests.framework in Frameworks */ = {isa = PBXBuildFile; fileRef = 33A31CBF3164FBB233633A75 /* Pods_RequestManBa_RequestManBaUITests.framework */; };
/* End PBXBuildFile section */

/* Begin PBXContainerItemProxy section */
		499447BE24921B2900035769 /* PBXContainerItemProxy */ = {
			isa = PBXContainerItemProxy;
			containerPortal = 4994479A24921B2700035769 /* Project object */;
			proxyType = 1;
			remoteGlobalIDString = 499447A124921B2700035769;
			remoteInfo = RequestManBa;
		};
		499447C924921B2900035769 /* PBXContainerItemProxy */ = {
			isa = PBXContainerItemProxy;
			containerPortal = 4994479A24921B2700035769 /* Project object */;
			proxyType = 1;
			remoteGlobalIDString = 499447A124921B2700035769;
			remoteInfo = RequestManBa;
		};
/* End PBXContainerItemProxy section */

/* Begin PBXFileReference section */
		1644E14AFC4C4CF0058D5744 /* Pods-RequestManBa-RequestManBaUITests.debug.xcconfig */ = {isa = PBXFileReference; includeInIndex = 1; lastKnownFileType = text.xcconfig; name = "Pods-RequestManBa-RequestManBaUITests.debug.xcconfig"; path = "Target Support Files/Pods-RequestManBa-RequestManBaUITests/Pods-RequestManBa-RequestManBaUITests.debug.xcconfig"; sourceTree = "<group>"; };
		33A31CBF3164FBB233633A75 /* Pods_RequestManBa_RequestManBaUITests.framework */ = {isa = PBXFileReference; explicitFileType = wrapper.framework; includeInIndex = 0; path = Pods_RequestManBa_RequestManBaUITests.framework; sourceTree = BUILT_PRODUCTS_DIR; };
		3B0190D933C407A0140C2FBB /* Pods-RequestManBaTests.release.xcconfig */ = {isa = PBXFileReference; includeInIndex = 1; lastKnownFileType = text.xcconfig; name = "Pods-RequestManBaTests.release.xcconfig"; path = "Target Support Files/Pods-RequestManBaTests/Pods-RequestManBaTests.release.xcconfig"; sourceTree = "<group>"; };
		498EA86224A20CDA003633AB /* temp.gloabs.json */ = {isa = PBXFileReference; fileEncoding = 4; lastKnownFileType = text.json; path = temp.gloabs.json; sourceTree = "<group>"; };
		498EA86424A20D68003633AB /* MBGloabsModel.h */ = {isa = PBXFileReference; lastKnownFileType = sourcecode.c.h; path = MBGloabsModel.h; sourceTree = "<group>"; };
		498EA86524A20D68003633AB /* MBGloabsModel.m */ = {isa = PBXFileReference; lastKnownFileType = sourcecode.c.objc; path = MBGloabsModel.m; sourceTree = "<group>"; };
		499447A224921B2700035769 /* RequestManBa.app */ = {isa = PBXFileReference; explicitFileType = wrapper.application; includeInIndex = 0; path = RequestManBa.app; sourceTree = BUILT_PRODUCTS_DIR; };
		499447A524921B2700035769 /* AppDelegate.h */ = {isa = PBXFileReference; lastKnownFileType = sourcecode.c.h; path = AppDelegate.h; sourceTree = "<group>"; };
		499447A624921B2700035769 /* AppDelegate.m */ = {isa = PBXFileReference; lastKnownFileType = sourcecode.c.objc; path = AppDelegate.m; sourceTree = "<group>"; };
		499447AB24921B2700035769 /* HistoryViewController.h */ = {isa = PBXFileReference; lastKnownFileType = sourcecode.c.h; path = HistoryViewController.h; sourceTree = "<group>"; };
		499447AC24921B2700035769 /* HistoryViewController.m */ = {isa = PBXFileReference; lastKnownFileType = sourcecode.c.objc; path = HistoryViewController.m; sourceTree = "<group>"; };
		499447B124921B2800035769 /* Assets.xcassets */ = {isa = PBXFileReference; lastKnownFileType = folder.assetcatalog; path = Assets.xcassets; sourceTree = "<group>"; };
		499447B424921B2800035769 /* Base */ = {isa = PBXFileReference; lastKnownFileType = file.storyboard; name = Base; path = Base.lproj/LaunchScreen.storyboard; sourceTree = "<group>"; };
		499447B624921B2800035769 /* Info.plist */ = {isa = PBXFileReference; lastKnownFileType = text.plist.xml; path = Info.plist; sourceTree = "<group>"; };
		499447B724921B2800035769 /* main.m */ = {isa = PBXFileReference; lastKnownFileType = sourcecode.c.objc; path = main.m; sourceTree = "<group>"; };
		499447BD24921B2900035769 /* RequestManBaTests.xctest */ = {isa = PBXFileReference; explicitFileType = wrapper.cfbundle; includeInIndex = 0; path = RequestManBaTests.xctest; sourceTree = BUILT_PRODUCTS_DIR; };
		499447C124921B2900035769 /* RequestManBaTests.m */ = {isa = PBXFileReference; lastKnownFileType = sourcecode.c.objc; path = RequestManBaTests.m; sourceTree = "<group>"; };
		499447C324921B2900035769 /* Info.plist */ = {isa = PBXFileReference; lastKnownFileType = text.plist.xml; path = Info.plist; sourceTree = "<group>"; };
		499447C824921B2900035769 /* RequestManBaUITests.xctest */ = {isa = PBXFileReference; explicitFileType = wrapper.cfbundle; includeInIndex = 0; path = RequestManBaUITests.xctest; sourceTree = BUILT_PRODUCTS_DIR; };
		499447CC24921B2900035769 /* RequestManBaUITests.m */ = {isa = PBXFileReference; lastKnownFileType = sourcecode.c.objc; path = RequestManBaUITests.m; sourceTree = "<group>"; };
		499447CE24921B2900035769 /* Info.plist */ = {isa = PBXFileReference; lastKnownFileType = text.plist.xml; path = Info.plist; sourceTree = "<group>"; };
		499447DA2492219300035769 /* MainTabBarController.h */ = {isa = PBXFileReference; lastKnownFileType = sourcecode.c.h; path = MainTabBarController.h; sourceTree = "<group>"; };
		499447DB2492219300035769 /* MainTabBarController.m */ = {isa = PBXFileReference; lastKnownFileType = sourcecode.c.objc; path = MainTabBarController.m; sourceTree = "<group>"; };
		499447DD249221A800035769 /* MainNavigationController.h */ = {isa = PBXFileReference; lastKnownFileType = sourcecode.c.h; path = MainNavigationController.h; sourceTree = "<group>"; };
		499447DE249221A800035769 /* MainNavigationController.m */ = {isa = PBXFileReference; lastKnownFileType = sourcecode.c.objc; path = MainNavigationController.m; sourceTree = "<group>"; };
		499447E02492253E00035769 /* PrefixHeader.pch */ = {isa = PBXFileReference; lastKnownFileType = sourcecode.c.h; path = PrefixHeader.pch; sourceTree = "<group>"; };
		499447E1249227C600035769 /* RequestFileModel.h */ = {isa = PBXFileReference; lastKnownFileType = sourcecode.c.h; path = RequestFileModel.h; sourceTree = "<group>"; };
		499447E2249227C600035769 /* RequestFileModel.m */ = {isa = PBXFileReference; lastKnownFileType = sourcecode.c.objc; path = RequestFileModel.m; sourceTree = "<group>"; };
		499447E424922A7A00035769 /* Postman Echo.postman_collection.json */ = {isa = PBXFileReference; fileEncoding = 4; lastKnownFileType = text.json; path = "Postman Echo.postman_collection.json"; sourceTree = "<group>"; };
		499447E624922AA900035769 /* Tools.h */ = {isa = PBXFileReference; lastKnownFileType = sourcecode.c.h; path = Tools.h; sourceTree = "<group>"; };
		499447E724922AA900035769 /* Tools.m */ = {isa = PBXFileReference; lastKnownFileType = sourcecode.c.objc; path = Tools.m; sourceTree = "<group>"; };
		499447E92492334400035769 /* BaseViewController.h */ = {isa = PBXFileReference; lastKnownFileType = sourcecode.c.h; path = BaseViewController.h; sourceTree = "<group>"; };
		499447EA2492334400035769 /* BaseViewController.m */ = {isa = PBXFileReference; lastKnownFileType = sourcecode.c.objc; path = BaseViewController.m; sourceTree = "<group>"; };
		499447F12492394A00035769 /* VideoApi.postman_collection.json */ = {isa = PBXFileReference; fileEncoding = 4; lastKnownFileType = text.json; path = VideoApi.postman_collection.json; sourceTree = "<group>"; };
		499447F624924B7800035769 /* RequestTool.h */ = {isa = PBXFileReference; lastKnownFileType = sourcecode.c.h; path = RequestTool.h; sourceTree = "<group>"; };
		499447F724924B7800035769 /* RequestTool.m */ = {isa = PBXFileReference; lastKnownFileType = sourcecode.c.objc; path = RequestTool.m; sourceTree = "<group>"; };
		499447FC249358AC00035769 /* Header.h */ = {isa = PBXFileReference; lastKnownFileType = sourcecode.c.h; path = Header.h; sourceTree = "<group>"; };
		499447FD24935EF700035769 /* UIView+Additional.h */ = {isa = PBXFileReference; fileEncoding = 4; lastKnownFileType = sourcecode.c.h; path = "UIView+Additional.h"; sourceTree = "<group>"; };
		499447FE24935EF700035769 /* UIView+Additional.m */ = {isa = PBXFileReference; fileEncoding = 4; lastKnownFileType = sourcecode.c.objc; path = "UIView+Additional.m"; sourceTree = "<group>"; };
		4994480A2493634A00035769 /* DetailViewController.xib */ = {isa = PBXFileReference; fileEncoding = 4; lastKnownFileType = file.xib; path = DetailViewController.xib; sourceTree = "<group>"; };
		4994480B2493634A00035769 /* DetailViewController.m */ = {isa = PBXFileReference; fileEncoding = 4; lastKnownFileType = sourcecode.c.objc; path = DetailViewController.m; sourceTree = "<group>"; };
		4994480C2493634B00035769 /* DetailViewController.h */ = {isa = PBXFileReference; fileEncoding = 4; lastKnownFileType = sourcecode.c.h; path = DetailViewController.h; sourceTree = "<group>"; };
		4994480F2493659B00035769 /* SendTableViewCell.h */ = {isa = PBXFileReference; lastKnownFileType = sourcecode.c.h; path = SendTableViewCell.h; sourceTree = "<group>"; };
		499448102493659B00035769 /* SendTableViewCell.m */ = {isa = PBXFileReference; lastKnownFileType = sourcecode.c.objc; path = SendTableViewCell.m; sourceTree = "<group>"; };
		499448112493659B00035769 /* SendTableViewCell.xib */ = {isa = PBXFileReference; lastKnownFileType = file.xib; path = SendTableViewCell.xib; sourceTree = "<group>"; };
		49944814249366D300035769 /* HeaderItemTableViewCell.h */ = {isa = PBXFileReference; lastKnownFileType = sourcecode.c.h; path = HeaderItemTableViewCell.h; sourceTree = "<group>"; };
		49944815249366D300035769 /* HeaderItemTableViewCell.m */ = {isa = PBXFileReference; lastKnownFileType = sourcecode.c.objc; path = HeaderItemTableViewCell.m; sourceTree = "<group>"; };
		49944816249366D300035769 /* HeaderItemTableViewCell.xib */ = {isa = PBXFileReference; lastKnownFileType = file.xib; path = HeaderItemTableViewCell.xib; sourceTree = "<group>"; };
		4994481924936CF800035769 /* DetailViewDataSource.h */ = {isa = PBXFileReference; lastKnownFileType = sourcecode.c.h; path = DetailViewDataSource.h; sourceTree = "<group>"; };
		4994481A24936CF800035769 /* DetailViewDataSource.m */ = {isa = PBXFileReference; lastKnownFileType = sourcecode.c.objc; path = DetailViewDataSource.m; sourceTree = "<group>"; };
		4994481C2493743100035769 /* DescpTableViewCell.h */ = {isa = PBXFileReference; lastKnownFileType = sourcecode.c.h; path = DescpTableViewCell.h; sourceTree = "<group>"; };
		4994481D2493743100035769 /* DescpTableViewCell.m */ = {isa = PBXFileReference; lastKnownFileType = sourcecode.c.objc; path = DescpTableViewCell.m; sourceTree = "<group>"; };
		4994481E2493743200035769 /* DescpTableViewCell.xib */ = {isa = PBXFileReference; lastKnownFileType = file.xib; path = DescpTableViewCell.xib; sourceTree = "<group>"; };
		4994482124937E5700035769 /* DTableViewCell.h */ = {isa = PBXFileReference; lastKnownFileType = sourcecode.c.h; path = DTableViewCell.h; sourceTree = "<group>"; };
		4994482224937E5700035769 /* DTableViewCell.m */ = {isa = PBXFileReference; lastKnownFileType = sourcecode.c.objc; path = DTableViewCell.m; sourceTree = "<group>"; };
		4994482324937E5700035769 /* DTableViewCell.xib */ = {isa = PBXFileReference; lastKnownFileType = file.xib; path = DTableViewCell.xib; sourceTree = "<group>"; };
		49B0114E24971EFC00A8EF37 /* NSDictionary+tool.h */ = {isa = PBXFileReference; lastKnownFileType = sourcecode.c.h; path = "NSDictionary+tool.h"; sourceTree = "<group>"; };
		49B0114F24971EFC00A8EF37 /* NSDictionary+tool.m */ = {isa = PBXFileReference; lastKnownFileType = sourcecode.c.objc; path = "NSDictionary+tool.m"; sourceTree = "<group>"; };
		49B0115224973BF100A8EF37 /* CacheTool.h */ = {isa = PBXFileReference; lastKnownFileType = sourcecode.c.h; path = CacheTool.h; sourceTree = "<group>"; };
		49B0115324973BF100A8EF37 /* CacheTool.m */ = {isa = PBXFileReference; lastKnownFileType = sourcecode.c.objc; path = CacheTool.m; sourceTree = "<group>"; };
		49B0116324975C1200A8EF37 /* CollectionsViewController.h */ = {isa = PBXFileReference; lastKnownFileType = sourcecode.c.h; path = CollectionsViewController.h; sourceTree = "<group>"; };
		49B0116424975C1200A8EF37 /* CollectionsViewController.m */ = {isa = PBXFileReference; lastKnownFileType = sourcecode.c.objc; path = CollectionsViewController.m; sourceTree = "<group>"; };
		49B0116524975C1200A8EF37 /* CollectionsViewController.xib */ = {isa = PBXFileReference; lastKnownFileType = file.xib; path = CollectionsViewController.xib; sourceTree = "<group>"; };
		49B011682497631000A8EF37 /* RequestManBa.entitlements */ = {isa = PBXFileReference; lastKnownFileType = text.plist.entitlements; path = RequestManBa.entitlements; sourceTree = "<group>"; };
		49B011692497816000A8EF37 /* FileListViewController.h */ = {isa = PBXFileReference; lastKnownFileType = sourcecode.c.h; path = FileListViewController.h; sourceTree = "<group>"; };
		49B0116A2497816000A8EF37 /* FileListViewController.m */ = {isa = PBXFileReference; lastKnownFileType = sourcecode.c.objc; path = FileListViewController.m; sourceTree = "<group>"; };
		49B0116B2497816000A8EF37 /* FileListViewController.xib */ = {isa = PBXFileReference; lastKnownFileType = file.xib; path = FileListViewController.xib; sourceTree = "<group>"; };
		49B0116E2497839A00A8EF37 /* ExportFileManager.h */ = {isa = PBXFileReference; lastKnownFileType = sourcecode.c.h; path = ExportFileManager.h; sourceTree = "<group>"; };
		49B0116F2497839A00A8EF37 /* ExportFileManager.m */ = {isa = PBXFileReference; lastKnownFileType = sourcecode.c.objc; path = ExportFileManager.m; sourceTree = "<group>"; };
		49B011812497953600A8EF37 /* YBPopupMenu.m */ = {isa = PBXFileReference; fileEncoding = 4; lastKnownFileType = sourcecode.c.objc; path = YBPopupMenu.m; sourceTree = "<group>"; };
		49B011822497953700A8EF37 /* YBPopupMenu.h */ = {isa = PBXFileReference; fileEncoding = 4; lastKnownFileType = sourcecode.c.h; path = YBPopupMenu.h; sourceTree = "<group>"; };
		49B01185249798D900A8EF37 /* SettingViewController.h */ = {isa = PBXFileReference; lastKnownFileType = sourcecode.c.h; path = SettingViewController.h; sourceTree = "<group>"; };
		49B01186249798D900A8EF37 /* SettingViewController.m */ = {isa = PBXFileReference; lastKnownFileType = sourcecode.c.objc; path = SettingViewController.m; sourceTree = "<group>"; };
		49B01187249798D900A8EF37 /* SettingViewController.xib */ = {isa = PBXFileReference; lastKnownFileType = file.xib; path = SettingViewController.xib; sourceTree = "<group>"; };
		49B0118A2499F2BE00A8EF37 /* EnvironmentViewController.h */ = {isa = PBXFileReference; lastKnownFileType = sourcecode.c.h; path = EnvironmentViewController.h; sourceTree = "<group>"; };
		49B0118B2499F2BE00A8EF37 /* EnvironmentViewController.m */ = {isa = PBXFileReference; lastKnownFileType = sourcecode.c.objc; path = EnvironmentViewController.m; sourceTree = "<group>"; };
		49B0118C2499F2BE00A8EF37 /* EnvironmentViewController.xib */ = {isa = PBXFileReference; lastKnownFileType = file.xib; path = EnvironmentViewController.xib; sourceTree = "<group>"; };
		49B011922499F66000A8EF37 /* ParamConfigDetailViewController.h */ = {isa = PBXFileReference; lastKnownFileType = sourcecode.c.h; path = ParamConfigDetailViewController.h; sourceTree = "<group>"; };
		49B011932499F66000A8EF37 /* ParamConfigDetailViewController.m */ = {isa = PBXFileReference; lastKnownFileType = sourcecode.c.objc; path = ParamConfigDetailViewController.m; sourceTree = "<group>"; };
		49B011942499F66000A8EF37 /* ParamConfigDetailViewController.xib */ = {isa = PBXFileReference; lastKnownFileType = file.xib; path = ParamConfigDetailViewController.xib; sourceTree = "<group>"; };
		49B01197249B372F00A8EF37 /* temp.postman_collection.json */ = {isa = PBXFileReference; fileEncoding = 4; lastKnownFileType = text.json; path = temp.postman_collection.json; sourceTree = "<group>"; };
		8E0D771EF15D39F38F0705D7 /* Pods_RequestManBaTests.framework */ = {isa = PBXFileReference; explicitFileType = wrapper.framework; includeInIndex = 0; path = Pods_RequestManBaTests.framework; sourceTree = BUILT_PRODUCTS_DIR; };
		B672223064957C6E578907D0 /* Pods-RequestManBaTests.debug.xcconfig */ = {isa = PBXFileReference; includeInIndex = 1; lastKnownFileType = text.xcconfig; name = "Pods-RequestManBaTests.debug.xcconfig"; path = "Target Support Files/Pods-RequestManBaTests/Pods-RequestManBaTests.debug.xcconfig"; sourceTree = "<group>"; };
		D5B25D5BDB6C57646710349E /* Pods_RequestManBa.framework */ = {isa = PBXFileReference; explicitFileType = wrapper.framework; includeInIndex = 0; path = Pods_RequestManBa.framework; sourceTree = BUILT_PRODUCTS_DIR; };
		EE20B0444B3BD55186F7B855 /* Pods-RequestManBa.debug.xcconfig */ = {isa = PBXFileReference; includeInIndex = 1; lastKnownFileType = text.xcconfig; name = "Pods-RequestManBa.debug.xcconfig"; path = "Target Support Files/Pods-RequestManBa/Pods-RequestManBa.debug.xcconfig"; sourceTree = "<group>"; };
		F3ABF0D326646A5847F78100 /* Pods-RequestManBa.release.xcconfig */ = {isa = PBXFileReference; includeInIndex = 1; lastKnownFileType = text.xcconfig; name = "Pods-RequestManBa.release.xcconfig"; path = "Target Support Files/Pods-RequestManBa/Pods-RequestManBa.release.xcconfig"; sourceTree = "<group>"; };
		FB077AB20C4D55FD73C7E511 /* Pods-RequestManBa-RequestManBaUITests.release.xcconfig */ = {isa = PBXFileReference; includeInIndex = 1; lastKnownFileType = text.xcconfig; name = "Pods-RequestManBa-RequestManBaUITests.release.xcconfig"; path = "Target Support Files/Pods-RequestManBa-RequestManBaUITests/Pods-RequestManBa-RequestManBaUITests.release.xcconfig"; sourceTree = "<group>"; };
/* End PBXFileReference section */

/* Begin PBXFrameworksBuildPhase section */
		4994479F24921B2700035769 /* Frameworks */ = {
			isa = PBXFrameworksBuildPhase;
			buildActionMask = 2147483647;
			files = (
				231E5F45B01E001FA558DE44 /* Pods_RequestManBa.framework in Frameworks */,
			);
			runOnlyForDeploymentPostprocessing = 0;
		};
		499447BA24921B2900035769 /* Frameworks */ = {
			isa = PBXFrameworksBuildPhase;
			buildActionMask = 2147483647;
			files = (
				55BC41B4DD71623DED199857 /* Pods_RequestManBaTests.framework in Frameworks */,
			);
			runOnlyForDeploymentPostprocessing = 0;
		};
		499447C524921B2900035769 /* Frameworks */ = {
			isa = PBXFrameworksBuildPhase;
			buildActionMask = 2147483647;
			files = (
				7009487B64F519FD6D0561F5 /* Pods_RequestManBa_RequestManBaUITests.framework in Frameworks */,
			);
			runOnlyForDeploymentPostprocessing = 0;
		};
/* End PBXFrameworksBuildPhase section */

/* Begin PBXGroup section */
		3EA7BD69095B277CC69CCBFF /* Frameworks */ = {
			isa = PBXGroup;
			children = (
				D5B25D5BDB6C57646710349E /* Pods_RequestManBa.framework */,
				33A31CBF3164FBB233633A75 /* Pods_RequestManBa_RequestManBaUITests.framework */,
				8E0D771EF15D39F38F0705D7 /* Pods_RequestManBaTests.framework */,
			);
			name = Frameworks;
			sourceTree = "<group>";
		};
		4994479924921B2700035769 = {
			isa = PBXGroup;
			children = (
				499447A424921B2700035769 /* RequestManBa */,
				499447C024921B2900035769 /* RequestManBaTests */,
				499447CB24921B2900035769 /* RequestManBaUITests */,
				499447A324921B2700035769 /* Products */,
				611F07CB118E2C8F627DA9EC /* Pods */,
				3EA7BD69095B277CC69CCBFF /* Frameworks */,
			);
			sourceTree = "<group>";
		};
		499447A324921B2700035769 /* Products */ = {
			isa = PBXGroup;
			children = (
				499447A224921B2700035769 /* RequestManBa.app */,
				499447BD24921B2900035769 /* RequestManBaTests.xctest */,
				499447C824921B2900035769 /* RequestManBaUITests.xctest */,
			);
			name = Products;
			sourceTree = "<group>";
		};
		499447A424921B2700035769 /* RequestManBa */ = {
			isa = PBXGroup;
			children = (
				49B011682497631000A8EF37 /* RequestManBa.entitlements */,
				49B0115C24975B3E00A8EF37 /* tool */,
				49B0115B24975B2800A8EF37 /* category */,
				49B0115524975A5100A8EF37 /* history */,
				49B0115F24975BA900A8EF37 /* collections */,
				49B01184249798C100A8EF37 /* setting */,
				49B0115624975A6900A8EF37 /* detail */,
				49B0115E24975B6900A8EF37 /* resource */,
				49B0115D24975B4E00A8EF37 /* main */,
				499447B124921B2800035769 /* Assets.xcassets */,
				499447B324921B2800035769 /* LaunchScreen.storyboard */,
				499447B624921B2800035769 /* Info.plist */,
				499447B724921B2800035769 /* main.m */,
				499447E02492253E00035769 /* PrefixHeader.pch */,
				499447FC249358AC00035769 /* Header.h */,
			);
			path = RequestManBa;
			sourceTree = "<group>";
		};
		499447C024921B2900035769 /* RequestManBaTests */ = {
			isa = PBXGroup;
			children = (
				499447C124921B2900035769 /* RequestManBaTests.m */,
				499447C324921B2900035769 /* Info.plist */,
			);
			path = RequestManBaTests;
			sourceTree = "<group>";
		};
		499447CB24921B2900035769 /* RequestManBaUITests */ = {
			isa = PBXGroup;
			children = (
				499447CC24921B2900035769 /* RequestManBaUITests.m */,
				499447CE24921B2900035769 /* Info.plist */,
			);
			path = RequestManBaUITests;
			sourceTree = "<group>";
		};
		49B0115524975A5100A8EF37 /* history */ = {
			isa = PBXGroup;
			children = (
				499447AB24921B2700035769 /* HistoryViewController.h */,
				499447AC24921B2700035769 /* HistoryViewController.m */,
				49B011692497816000A8EF37 /* FileListViewController.h */,
				49B0116A2497816000A8EF37 /* FileListViewController.m */,
				49B0116B2497816000A8EF37 /* FileListViewController.xib */,
			);
			path = history;
			sourceTree = "<group>";
		};
		49B0115624975A6900A8EF37 /* detail */ = {
			isa = PBXGroup;
			children = (
				4994480C2493634B00035769 /* DetailViewController.h */,
				4994480B2493634A00035769 /* DetailViewController.m */,
				4994480A2493634A00035769 /* DetailViewController.xib */,
				49B0115824975A9500A8EF37 /* model */,
				49B0115924975AA600A8EF37 /* view */,
				49B0115A24975AB300A8EF37 /* viewmodel */,
			);
			path = detail;
			sourceTree = "<group>";
		};
		49B0115824975A9500A8EF37 /* model */ = {
			isa = PBXGroup;
			children = (
				499447E1249227C600035769 /* RequestFileModel.h */,
				499447E2249227C600035769 /* RequestFileModel.m */,
			);
			path = model;
			sourceTree = "<group>";
		};
		49B0115924975AA600A8EF37 /* view */ = {
			isa = PBXGroup;
			children = (
				4994480F2493659B00035769 /* SendTableViewCell.h */,
				499448102493659B00035769 /* SendTableViewCell.m */,
				499448112493659B00035769 /* SendTableViewCell.xib */,
				49944814249366D300035769 /* HeaderItemTableViewCell.h */,
				49944815249366D300035769 /* HeaderItemTableViewCell.m */,
				49944816249366D300035769 /* HeaderItemTableViewCell.xib */,
				4994482124937E5700035769 /* DTableViewCell.h */,
				4994482224937E5700035769 /* DTableViewCell.m */,
				4994482324937E5700035769 /* DTableViewCell.xib */,
				4994481C2493743100035769 /* DescpTableViewCell.h */,
				4994481D2493743100035769 /* DescpTableViewCell.m */,
				4994481E2493743200035769 /* DescpTableViewCell.xib */,
			);
			path = view;
			sourceTree = "<group>";
		};
		49B0115A24975AB300A8EF37 /* viewmodel */ = {
			isa = PBXGroup;
			children = (
				4994481924936CF800035769 /* DetailViewDataSource.h */,
				4994481A24936CF800035769 /* DetailViewDataSource.m */,
			);
			path = viewmodel;
			sourceTree = "<group>";
		};
		49B0115B24975B2800A8EF37 /* category */ = {
			isa = PBXGroup;
			children = (
				499447FD24935EF700035769 /* UIView+Additional.h */,
				499447FE24935EF700035769 /* UIView+Additional.m */,
				49B0114E24971EFC00A8EF37 /* NSDictionary+tool.h */,
				49B0114F24971EFC00A8EF37 /* NSDictionary+tool.m */,
			);
			path = category;
			sourceTree = "<group>";
		};
		49B0115C24975B3E00A8EF37 /* tool */ = {
			isa = PBXGroup;
			children = (
				49B011822497953700A8EF37 /* YBPopupMenu.h */,
				49B011812497953600A8EF37 /* YBPopupMenu.m */,
				499447E624922AA900035769 /* Tools.h */,
				499447E724922AA900035769 /* Tools.m */,
				499447F624924B7800035769 /* RequestTool.h */,
				499447F724924B7800035769 /* RequestTool.m */,
				49B0115224973BF100A8EF37 /* CacheTool.h */,
				49B0115324973BF100A8EF37 /* CacheTool.m */,
				49B0116E2497839A00A8EF37 /* ExportFileManager.h */,
				49B0116F2497839A00A8EF37 /* ExportFileManager.m */,
			);
			path = tool;
			sourceTree = "<group>";
		};
		49B0115D24975B4E00A8EF37 /* main */ = {
			isa = PBXGroup;
			children = (
				499447A524921B2700035769 /* AppDelegate.h */,
				499447A624921B2700035769 /* AppDelegate.m */,
				499447E92492334400035769 /* BaseViewController.h */,
				499447EA2492334400035769 /* BaseViewController.m */,
				499447DA2492219300035769 /* MainTabBarController.h */,
				499447DB2492219300035769 /* MainTabBarController.m */,
				499447DD249221A800035769 /* MainNavigationController.h */,
				499447DE249221A800035769 /* MainNavigationController.m */,
			);
			path = main;
			sourceTree = "<group>";
		};
		49B0115E24975B6900A8EF37 /* resource */ = {
			isa = PBXGroup;
			children = (
				498EA86224A20CDA003633AB /* temp.gloabs.json */,
				49B01197249B372F00A8EF37 /* temp.postman_collection.json */,
				499447F12492394A00035769 /* VideoApi.postman_collection.json */,
				499447E424922A7A00035769 /* Postman Echo.postman_collection.json */,
			);
			path = resource;
			sourceTree = "<group>";
		};
		49B0115F24975BA900A8EF37 /* collections */ = {
			isa = PBXGroup;
			children = (
				49B0116324975C1200A8EF37 /* CollectionsViewController.h */,
				49B0116424975C1200A8EF37 /* CollectionsViewController.m */,
				49B0116524975C1200A8EF37 /* CollectionsViewController.xib */,
			);
			path = collections;
			sourceTree = "<group>";
		};
		49B01184249798C100A8EF37 /* setting */ = {
			isa = PBXGroup;
			children = (
				49B01185249798D900A8EF37 /* SettingViewController.h */,
				49B01186249798D900A8EF37 /* SettingViewController.m */,
				49B01187249798D900A8EF37 /* SettingViewController.xib */,
				49B0118A2499F2BE00A8EF37 /* EnvironmentViewController.h */,
				49B0118B2499F2BE00A8EF37 /* EnvironmentViewController.m */,
				49B0118C2499F2BE00A8EF37 /* EnvironmentViewController.xib */,
				49B011922499F66000A8EF37 /* ParamConfigDetailViewController.h */,
				49B011932499F66000A8EF37 /* ParamConfigDetailViewController.m */,
				49B011942499F66000A8EF37 /* ParamConfigDetailViewController.xib */,
				498EA86424A20D68003633AB /* MBGloabsModel.h */,
				498EA86524A20D68003633AB /* MBGloabsModel.m */,
			);
			path = setting;
			sourceTree = "<group>";
		};
		611F07CB118E2C8F627DA9EC /* Pods */ = {
			isa = PBXGroup;
			children = (
				EE20B0444B3BD55186F7B855 /* Pods-RequestManBa.debug.xcconfig */,
				F3ABF0D326646A5847F78100 /* Pods-RequestManBa.release.xcconfig */,
				1644E14AFC4C4CF0058D5744 /* Pods-RequestManBa-RequestManBaUITests.debug.xcconfig */,
				FB077AB20C4D55FD73C7E511 /* Pods-RequestManBa-RequestManBaUITests.release.xcconfig */,
				B672223064957C6E578907D0 /* Pods-RequestManBaTests.debug.xcconfig */,
				3B0190D933C407A0140C2FBB /* Pods-RequestManBaTests.release.xcconfig */,
			);
			path = Pods;
			sourceTree = "<group>";
		};
/* End PBXGroup section */

/* Begin PBXNativeTarget section */
		499447A124921B2700035769 /* RequestManBa */ = {
			isa = PBXNativeTarget;
			buildConfigurationList = 499447D124921B2900035769 /* Build configuration list for PBXNativeTarget "RequestManBa" */;
			buildPhases = (
				1F4204011D340086F1659DFE /* [CP] Check Pods Manifest.lock */,
				4994479E24921B2700035769 /* Sources */,
				4994479F24921B2700035769 /* Frameworks */,
				499447A024921B2700035769 /* Resources */,
				3CD444CF8AC65DCC1E418FE4 /* [CP] Embed Pods Frameworks */,
			);
			buildRules = (
			);
			dependencies = (
			);
			name = RequestManBa;
			productName = RequestManBa;
			productReference = 499447A224921B2700035769 /* RequestManBa.app */;
			productType = "com.apple.product-type.application";
		};
		499447BC24921B2900035769 /* RequestManBaTests */ = {
			isa = PBXNativeTarget;
			buildConfigurationList = 499447D424921B2900035769 /* Build configuration list for PBXNativeTarget "RequestManBaTests" */;
			buildPhases = (
				B91775C70202F993E9E88E67 /* [CP] Check Pods Manifest.lock */,
				499447B924921B2900035769 /* Sources */,
				499447BA24921B2900035769 /* Frameworks */,
				499447BB24921B2900035769 /* Resources */,
			);
			buildRules = (
			);
			dependencies = (
				499447BF24921B2900035769 /* PBXTargetDependency */,
			);
			name = RequestManBaTests;
			productName = RequestManBaTests;
			productReference = 499447BD24921B2900035769 /* RequestManBaTests.xctest */;
			productType = "com.apple.product-type.bundle.unit-test";
		};
		499447C724921B2900035769 /* RequestManBaUITests */ = {
			isa = PBXNativeTarget;
			buildConfigurationList = 499447D724921B2900035769 /* Build configuration list for PBXNativeTarget "RequestManBaUITests" */;
			buildPhases = (
				1C19B5000E48006AD22003C9 /* [CP] Check Pods Manifest.lock */,
				499447C424921B2900035769 /* Sources */,
				499447C524921B2900035769 /* Frameworks */,
				499447C624921B2900035769 /* Resources */,
				3213EA84ACD227A061A0DDB7 /* [CP] Embed Pods Frameworks */,
			);
			buildRules = (
			);
			dependencies = (
				499447CA24921B2900035769 /* PBXTargetDependency */,
			);
			name = RequestManBaUITests;
			productName = RequestManBaUITests;
			productReference = 499447C824921B2900035769 /* RequestManBaUITests.xctest */;
			productType = "com.apple.product-type.bundle.ui-testing";
		};
/* End PBXNativeTarget section */

/* Begin PBXProject section */
		4994479A24921B2700035769 /* Project object */ = {
			isa = PBXProject;
			attributes = {
				LastUpgradeCheck = 1150;
				ORGANIZATIONNAME = maba;
				TargetAttributes = {
					499447A124921B2700035769 = {
						CreatedOnToolsVersion = 11.5;
					};
					499447BC24921B2900035769 = {
						CreatedOnToolsVersion = 11.5;
						TestTargetID = 499447A124921B2700035769;
					};
					499447C724921B2900035769 = {
						CreatedOnToolsVersion = 11.5;
						TestTargetID = 499447A124921B2700035769;
					};
				};
			};
			buildConfigurationList = 4994479D24921B2700035769 /* Build configuration list for PBXProject "RequestManBa" */;
			compatibilityVersion = "Xcode 9.3";
			developmentRegion = en;
			hasScannedForEncodings = 0;
			knownRegions = (
				en,
				Base,
			);
			mainGroup = 4994479924921B2700035769;
			productRefGroup = 499447A324921B2700035769 /* Products */;
			projectDirPath = "";
			projectRoot = "";
			targets = (
				499447A124921B2700035769 /* RequestManBa */,
				499447BC24921B2900035769 /* RequestManBaTests */,
				499447C724921B2900035769 /* RequestManBaUITests */,
			);
		};
/* End PBXProject section */

/* Begin PBXResourcesBuildPhase section */
		499447A024921B2700035769 /* Resources */ = {
			isa = PBXResourcesBuildPhase;
			buildActionMask = 2147483647;
			files = (
				499447E524922A7A00035769 /* Postman Echo.postman_collection.json in Resources */,
				499447B524921B2800035769 /* LaunchScreen.storyboard in Resources */,
				4994482524937E5700035769 /* DTableViewCell.xib in Resources */,
				4994480D2493634B00035769 /* DetailViewController.xib in Resources */,
				49B0116D2497816000A8EF37 /* FileListViewController.xib in Resources */,
				49944818249366D300035769 /* HeaderItemTableViewCell.xib in Resources */,
				499448132493659B00035769 /* SendTableViewCell.xib in Resources */,
				49B011962499F66000A8EF37 /* ParamConfigDetailViewController.xib in Resources */,
				49B0118E2499F2BF00A8EF37 /* EnvironmentViewController.xib in Resources */,
				49B01189249798D900A8EF37 /* SettingViewController.xib in Resources */,
				49B01198249B372F00A8EF37 /* temp.postman_collection.json in Resources */,
				49B0116724975C1200A8EF37 /* CollectionsViewController.xib in Resources */,
				499448202493743200035769 /* DescpTableViewCell.xib in Resources */,
				499447B224921B2800035769 /* Assets.xcassets in Resources */,
				498EA86324A20CDA003633AB /* temp.gloabs.json in Resources */,
				499447F22492394A00035769 /* VideoApi.postman_collection.json in Resources */,
			);
			runOnlyForDeploymentPostprocessing = 0;
		};
		499447BB24921B2900035769 /* Resources */ = {
			isa = PBXResourcesBuildPhase;
			buildActionMask = 2147483647;
			files = (
			);
			runOnlyForDeploymentPostprocessing = 0;
		};
		499447C624921B2900035769 /* Resources */ = {
			isa = PBXResourcesBuildPhase;
			buildActionMask = 2147483647;
			files = (
			);
			runOnlyForDeploymentPostprocessing = 0;
		};
/* End PBXResourcesBuildPhase section */

/* Begin PBXShellScriptBuildPhase section */
		1C19B5000E48006AD22003C9 /* [CP] Check Pods Manifest.lock */ = {
			isa = PBXShellScriptBuildPhase;
			buildActionMask = 2147483647;
			files = (
			);
			inputFileListPaths = (
			);
			inputPaths = (
				"${PODS_PODFILE_DIR_PATH}/Podfile.lock",
				"${PODS_ROOT}/Manifest.lock",
			);
			name = "[CP] Check Pods Manifest.lock";
			outputFileListPaths = (
			);
			outputPaths = (
				"$(DERIVED_FILE_DIR)/Pods-RequestManBa-RequestManBaUITests-checkManifestLockResult.txt",
			);
			runOnlyForDeploymentPostprocessing = 0;
			shellPath = /bin/sh;
			shellScript = "diff \"${PODS_PODFILE_DIR_PATH}/Podfile.lock\" \"${PODS_ROOT}/Manifest.lock\" > /dev/null\nif [ $? != 0 ] ; then\n    # print error to STDERR\n    echo \"error: The sandbox is not in sync with the Podfile.lock. Run 'pod install' or update your CocoaPods installation.\" >&2\n    exit 1\nfi\n# This output is used by Xcode 'outputs' to avoid re-running this script phase.\necho \"SUCCESS\" > \"${SCRIPT_OUTPUT_FILE_0}\"\n";
			showEnvVarsInLog = 0;
		};
		1F4204011D340086F1659DFE /* [CP] Check Pods Manifest.lock */ = {
			isa = PBXShellScriptBuildPhase;
			buildActionMask = 2147483647;
			files = (
			);
			inputFileListPaths = (
			);
			inputPaths = (
				"${PODS_PODFILE_DIR_PATH}/Podfile.lock",
				"${PODS_ROOT}/Manifest.lock",
			);
			name = "[CP] Check Pods Manifest.lock";
			outputFileListPaths = (
			);
			outputPaths = (
				"$(DERIVED_FILE_DIR)/Pods-RequestManBa-checkManifestLockResult.txt",
			);
			runOnlyForDeploymentPostprocessing = 0;
			shellPath = /bin/sh;
			shellScript = "diff \"${PODS_PODFILE_DIR_PATH}/Podfile.lock\" \"${PODS_ROOT}/Manifest.lock\" > /dev/null\nif [ $? != 0 ] ; then\n    # print error to STDERR\n    echo \"error: The sandbox is not in sync with the Podfile.lock. Run 'pod install' or update your CocoaPods installation.\" >&2\n    exit 1\nfi\n# This output is used by Xcode 'outputs' to avoid re-running this script phase.\necho \"SUCCESS\" > \"${SCRIPT_OUTPUT_FILE_0}\"\n";
			showEnvVarsInLog = 0;
		};
		3213EA84ACD227A061A0DDB7 /* [CP] Embed Pods Frameworks */ = {
			isa = PBXShellScriptBuildPhase;
			buildActionMask = 2147483647;
			files = (
			);
			inputFileListPaths = (
				"${PODS_ROOT}/Target Support Files/Pods-RequestManBa-RequestManBaUITests/Pods-RequestManBa-RequestManBaUITests-frameworks-${CONFIGURATION}-input-files.xcfilelist",
			);
			name = "[CP] Embed Pods Frameworks";
			outputFileListPaths = (
				"${PODS_ROOT}/Target Support Files/Pods-RequestManBa-RequestManBaUITests/Pods-RequestManBa-RequestManBaUITests-frameworks-${CONFIGURATION}-output-files.xcfilelist",
			);
			runOnlyForDeploymentPostprocessing = 0;
			shellPath = /bin/sh;
			shellScript = "\"${PODS_ROOT}/Target Support Files/Pods-RequestManBa-RequestManBaUITests/Pods-RequestManBa-RequestManBaUITests-frameworks.sh\"\n";
			showEnvVarsInLog = 0;
		};
		3CD444CF8AC65DCC1E418FE4 /* [CP] Embed Pods Frameworks */ = {
			isa = PBXShellScriptBuildPhase;
			buildActionMask = 2147483647;
			files = (
			);
			inputFileListPaths = (
				"${PODS_ROOT}/Target Support Files/Pods-RequestManBa/Pods-RequestManBa-frameworks-${CONFIGURATION}-input-files.xcfilelist",
			);
			name = "[CP] Embed Pods Frameworks";
			outputFileListPaths = (
				"${PODS_ROOT}/Target Support Files/Pods-RequestManBa/Pods-RequestManBa-frameworks-${CONFIGURATION}-output-files.xcfilelist",
			);
			runOnlyForDeploymentPostprocessing = 0;
			shellPath = /bin/sh;
			shellScript = "\"${PODS_ROOT}/Target Support Files/Pods-RequestManBa/Pods-RequestManBa-frameworks.sh\"\n";
			showEnvVarsInLog = 0;
		};
		B91775C70202F993E9E88E67 /* [CP] Check Pods Manifest.lock */ = {
			isa = PBXShellScriptBuildPhase;
			buildActionMask = 2147483647;
			files = (
			);
			inputFileListPaths = (
			);
			inputPaths = (
				"${PODS_PODFILE_DIR_PATH}/Podfile.lock",
				"${PODS_ROOT}/Manifest.lock",
			);
			name = "[CP] Check Pods Manifest.lock";
			outputFileListPaths = (
			);
			outputPaths = (
				"$(DERIVED_FILE_DIR)/Pods-RequestManBaTests-checkManifestLockResult.txt",
			);
			runOnlyForDeploymentPostprocessing = 0;
			shellPath = /bin/sh;
			shellScript = "diff \"${PODS_PODFILE_DIR_PATH}/Podfile.lock\" \"${PODS_ROOT}/Manifest.lock\" > /dev/null\nif [ $? != 0 ] ; then\n    # print error to STDERR\n    echo \"error: The sandbox is not in sync with the Podfile.lock. Run 'pod install' or update your CocoaPods installation.\" >&2\n    exit 1\nfi\n# This output is used by Xcode 'outputs' to avoid re-running this script phase.\necho \"SUCCESS\" > \"${SCRIPT_OUTPUT_FILE_0}\"\n";
			showEnvVarsInLog = 0;
		};
/* End PBXShellScriptBuildPhase section */

/* Begin PBXSourcesBuildPhase section */
		4994479E24921B2700035769 /* Sources */ = {
			isa = PBXSourcesBuildPhase;
			buildActionMask = 2147483647;
			files = (
				4994482424937E5700035769 /* DTableViewCell.m in Sources */,
				49B011832497953700A8EF37 /* YBPopupMenu.m in Sources */,
				499447E824922AA900035769 /* Tools.m in Sources */,
				499448122493659B00035769 /* SendTableViewCell.m in Sources */,
				499447EB2492334400035769 /* BaseViewController.m in Sources */,
				49B011952499F66000A8EF37 /* ParamConfigDetailViewController.m in Sources */,
				499447AD24921B2700035769 /* HistoryViewController.m in Sources */,
				49B011702497839A00A8EF37 /* ExportFileManager.m in Sources */,
				499447A724921B2700035769 /* AppDelegate.m in Sources */,
				499447DC2492219300035769 /* MainTabBarController.m in Sources */,
				498EA86624A20D68003633AB /* MBGloabsModel.m in Sources */,
				49944817249366D300035769 /* HeaderItemTableViewCell.m in Sources */,
				499447F824924B7800035769 /* RequestTool.m in Sources */,
				499447FF24935EF700035769 /* UIView+Additional.m in Sources */,
				4994481F2493743200035769 /* DescpTableViewCell.m in Sources */,
				4994481B24936CF800035769 /* DetailViewDataSource.m in Sources */,
				49B0115424973BF100A8EF37 /* CacheTool.m in Sources */,
				49B0116C2497816000A8EF37 /* FileListViewController.m in Sources */,
				49B0115024971EFC00A8EF37 /* NSDictionary+tool.m in Sources */,
				499447B824921B2800035769 /* main.m in Sources */,
				49B0116624975C1200A8EF37 /* CollectionsViewController.m in Sources */,
				49B0118D2499F2BF00A8EF37 /* EnvironmentViewController.m in Sources */,
				499447DF249221A800035769 /* MainNavigationController.m in Sources */,
				499447E3249227C600035769 /* RequestFileModel.m in Sources */,
				4994480E2493634B00035769 /* DetailViewController.m in Sources */,
				49B01188249798D900A8EF37 /* SettingViewController.m in Sources */,
			);
			runOnlyForDeploymentPostprocessing = 0;
		};
		499447B924921B2900035769 /* Sources */ = {
			isa = PBXSourcesBuildPhase;
			buildActionMask = 2147483647;
			files = (
				499447C224921B2900035769 /* RequestManBaTests.m in Sources */,
			);
			runOnlyForDeploymentPostprocessing = 0;
		};
		499447C424921B2900035769 /* Sources */ = {
			isa = PBXSourcesBuildPhase;
			buildActionMask = 2147483647;
			files = (
				499447CD24921B2900035769 /* RequestManBaUITests.m in Sources */,
			);
			runOnlyForDeploymentPostprocessing = 0;
		};
/* End PBXSourcesBuildPhase section */

/* Begin PBXTargetDependency section */
		499447BF24921B2900035769 /* PBXTargetDependency */ = {
			isa = PBXTargetDependency;
			target = 499447A124921B2700035769 /* RequestManBa */;
			targetProxy = 499447BE24921B2900035769 /* PBXContainerItemProxy */;
		};
		499447CA24921B2900035769 /* PBXTargetDependency */ = {
			isa = PBXTargetDependency;
			target = 499447A124921B2700035769 /* RequestManBa */;
			targetProxy = 499447C924921B2900035769 /* PBXContainerItemProxy */;
		};
/* End PBXTargetDependency section */

/* Begin PBXVariantGroup section */
		499447B324921B2800035769 /* LaunchScreen.storyboard */ = {
			isa = PBXVariantGroup;
			children = (
				499447B424921B2800035769 /* Base */,
			);
			name = LaunchScreen.storyboard;
			sourceTree = "<group>";
		};
/* End PBXVariantGroup section */

/* Begin XCBuildConfiguration section */
		499447CF24921B2900035769 /* Debug */ = {
			isa = XCBuildConfiguration;
			buildSettings = {
				ALWAYS_SEARCH_USER_PATHS = NO;
				CLANG_ANALYZER_NONNULL = YES;
				CLANG_ANALYZER_NUMBER_OBJECT_CONVERSION = YES_AGGRESSIVE;
				CLANG_CXX_LANGUAGE_STANDARD = "gnu++14";
				CLANG_CXX_LIBRARY = "libc++";
				CLANG_ENABLE_MODULES = YES;
				CLANG_ENABLE_OBJC_ARC = YES;
				CLANG_ENABLE_OBJC_WEAK = YES;
				CLANG_WARN_BLOCK_CAPTURE_AUTORELEASING = YES;
				CLANG_WARN_BOOL_CONVERSION = YES;
				CLANG_WARN_COMMA = YES;
				CLANG_WARN_CONSTANT_CONVERSION = YES;
				CLANG_WARN_DEPRECATED_OBJC_IMPLEMENTATIONS = YES;
				CLANG_WARN_DIRECT_OBJC_ISA_USAGE = YES_ERROR;
				CLANG_WARN_DOCUMENTATION_COMMENTS = YES;
				CLANG_WARN_EMPTY_BODY = YES;
				CLANG_WARN_ENUM_CONVERSION = YES;
				CLANG_WARN_INFINITE_RECURSION = YES;
				CLANG_WARN_INT_CONVERSION = YES;
				CLANG_WARN_NON_LITERAL_NULL_CONVERSION = YES;
				CLANG_WARN_OBJC_IMPLICIT_RETAIN_SELF = YES;
				CLANG_WARN_OBJC_LITERAL_CONVERSION = YES;
				CLANG_WARN_OBJC_ROOT_CLASS = YES_ERROR;
				CLANG_WARN_RANGE_LOOP_ANALYSIS = YES;
				CLANG_WARN_STRICT_PROTOTYPES = YES;
				CLANG_WARN_SUSPICIOUS_MOVE = YES;
				CLANG_WARN_UNGUARDED_AVAILABILITY = YES_AGGRESSIVE;
				CLANG_WARN_UNREACHABLE_CODE = YES;
				CLANG_WARN__DUPLICATE_METHOD_MATCH = YES;
				COPY_PHASE_STRIP = NO;
				DEBUG_INFORMATION_FORMAT = dwarf;
				ENABLE_STRICT_OBJC_MSGSEND = YES;
				ENABLE_TESTABILITY = YES;
				GCC_C_LANGUAGE_STANDARD = gnu11;
				GCC_DYNAMIC_NO_PIC = NO;
				GCC_NO_COMMON_BLOCKS = YES;
				GCC_OPTIMIZATION_LEVEL = 0;
				GCC_PREPROCESSOR_DEFINITIONS = (
					"DEBUG=1",
					"$(inherited)",
				);
				GCC_WARN_64_TO_32_BIT_CONVERSION = YES;
				GCC_WARN_ABOUT_RETURN_TYPE = YES_ERROR;
				GCC_WARN_UNDECLARED_SELECTOR = YES;
				GCC_WARN_UNINITIALIZED_AUTOS = YES_AGGRESSIVE;
				GCC_WARN_UNUSED_FUNCTION = YES;
				GCC_WARN_UNUSED_VARIABLE = YES;
				IPHONEOS_DEPLOYMENT_TARGET = 13.5;
				MTL_ENABLE_DEBUG_INFO = INCLUDE_SOURCE;
				MTL_FAST_MATH = YES;
				ONLY_ACTIVE_ARCH = YES;
				SDKROOT = iphoneos;
			};
			name = Debug;
		};
		499447D024921B2900035769 /* Release */ = {
			isa = XCBuildConfiguration;
			buildSettings = {
				ALWAYS_SEARCH_USER_PATHS = NO;
				CLANG_ANALYZER_NONNULL = YES;
				CLANG_ANALYZER_NUMBER_OBJECT_CONVERSION = YES_AGGRESSIVE;
				CLANG_CXX_LANGUAGE_STANDARD = "gnu++14";
				CLANG_CXX_LIBRARY = "libc++";
				CLANG_ENABLE_MODULES = YES;
				CLANG_ENABLE_OBJC_ARC = YES;
				CLANG_ENABLE_OBJC_WEAK = YES;
				CLANG_WARN_BLOCK_CAPTURE_AUTORELEASING = YES;
				CLANG_WARN_BOOL_CONVERSION = YES;
				CLANG_WARN_COMMA = YES;
				CLANG_WARN_CONSTANT_CONVERSION = YES;
				CLANG_WARN_DEPRECATED_OBJC_IMPLEMENTATIONS = YES;
				CLANG_WARN_DIRECT_OBJC_ISA_USAGE = YES_ERROR;
				CLANG_WARN_DOCUMENTATION_COMMENTS = YES;
				CLANG_WARN_EMPTY_BODY = YES;
				CLANG_WARN_ENUM_CONVERSION = YES;
				CLANG_WARN_INFINITE_RECURSION = YES;
				CLANG_WARN_INT_CONVERSION = YES;
				CLANG_WARN_NON_LITERAL_NULL_CONVERSION = YES;
				CLANG_WARN_OBJC_IMPLICIT_RETAIN_SELF = YES;
				CLANG_WARN_OBJC_LITERAL_CONVERSION = YES;
				CLANG_WARN_OBJC_ROOT_CLASS = YES_ERROR;
				CLANG_WARN_RANGE_LOOP_ANALYSIS = YES;
				CLANG_WARN_STRICT_PROTOTYPES = YES;
				CLANG_WARN_SUSPICIOUS_MOVE = YES;
				CLANG_WARN_UNGUARDED_AVAILABILITY = YES_AGGRESSIVE;
				CLANG_WARN_UNREACHABLE_CODE = YES;
				CLANG_WARN__DUPLICATE_METHOD_MATCH = YES;
				COPY_PHASE_STRIP = NO;
				DEBUG_INFORMATION_FORMAT = "dwarf-with-dsym";
				ENABLE_NS_ASSERTIONS = NO;
				ENABLE_STRICT_OBJC_MSGSEND = YES;
				GCC_C_LANGUAGE_STANDARD = gnu11;
				GCC_NO_COMMON_BLOCKS = YES;
				GCC_WARN_64_TO_32_BIT_CONVERSION = YES;
				GCC_WARN_ABOUT_RETURN_TYPE = YES_ERROR;
				GCC_WARN_UNDECLARED_SELECTOR = YES;
				GCC_WARN_UNINITIALIZED_AUTOS = YES_AGGRESSIVE;
				GCC_WARN_UNUSED_FUNCTION = YES;
				GCC_WARN_UNUSED_VARIABLE = YES;
				IPHONEOS_DEPLOYMENT_TARGET = 13.5;
				MTL_ENABLE_DEBUG_INFO = NO;
				MTL_FAST_MATH = YES;
				SDKROOT = iphoneos;
				VALIDATE_PRODUCT = YES;
			};
			name = Release;
		};
		499447D224921B2900035769 /* Debug */ = {
			isa = XCBuildConfiguration;
			baseConfigurationReference = EE20B0444B3BD55186F7B855 /* Pods-RequestManBa.debug.xcconfig */;
			buildSettings = {
				ASSETCATALOG_COMPILER_APPICON_NAME = AppIcon;
				CODE_SIGN_ENTITLEMENTS = RequestManBa/RequestManBa.entitlements;
				CODE_SIGN_STYLE = Automatic;
				DEVELOPMENT_TEAM = 7LU4PEC2RN;
				GCC_PREFIX_HEADER = "$(SRCROOT)/RequestManBa/PrefixHeader.pch";
				INFOPLIST_FILE = RequestManBa/Info.plist;
				IPHONEOS_DEPLOYMENT_TARGET = 9.0;
				LD_RUNPATH_SEARCH_PATHS = (
					"$(inherited)",
					"@executable_path/Frameworks",
				);
				PRODUCT_BUNDLE_IDENTIFIER = com.maba.RequestManBa;
				PRODUCT_NAME = "$(TARGET_NAME)";
				TARGETED_DEVICE_FAMILY = "1,2";
			};
			name = Debug;
		};
		499447D324921B2900035769 /* Release */ = {
			isa = XCBuildConfiguration;
			baseConfigurationReference = F3ABF0D326646A5847F78100 /* Pods-RequestManBa.release.xcconfig */;
			buildSettings = {
				ASSETCATALOG_COMPILER_APPICON_NAME = AppIcon;
				CODE_SIGN_ENTITLEMENTS = RequestManBa/RequestManBa.entitlements;
				CODE_SIGN_STYLE = Automatic;
				DEVELOPMENT_TEAM = 7LU4PEC2RN;
				GCC_PREFIX_HEADER = "$(SRCROOT)/RequestManBa/PrefixHeader.pch";
				INFOPLIST_FILE = RequestManBa/Info.plist;
				IPHONEOS_DEPLOYMENT_TARGET = 9.0;
				LD_RUNPATH_SEARCH_PATHS = (
					"$(inherited)",
					"@executable_path/Frameworks",
				);
				PRODUCT_BUNDLE_IDENTIFIER = com.maba.RequestManBa;
				PRODUCT_NAME = "$(TARGET_NAME)";
				TARGETED_DEVICE_FAMILY = "1,2";
			};
			name = Release;
		};
		499447D524921B2900035769 /* Debug */ = {
			isa = XCBuildConfiguration;
			baseConfigurationReference = B672223064957C6E578907D0 /* Pods-RequestManBaTests.debug.xcconfig */;
			buildSettings = {
				BUNDLE_LOADER = "$(TEST_HOST)";
				CODE_SIGN_STYLE = Automatic;
				INFOPLIST_FILE = RequestManBaTests/Info.plist;
				IPHONEOS_DEPLOYMENT_TARGET = 13.5;
				LD_RUNPATH_SEARCH_PATHS = (
					"$(inherited)",
					"@executable_path/Frameworks",
					"@loader_path/Frameworks",
				);
				PRODUCT_BUNDLE_IDENTIFIER = com.maba.RequestManBaTests;
				PRODUCT_NAME = "$(TARGET_NAME)";
				TARGETED_DEVICE_FAMILY = "1,2";
				TEST_HOST = "$(BUILT_PRODUCTS_DIR)/RequestManBa.app/RequestManBa";
			};
			name = Debug;
		};
		499447D624921B2900035769 /* Release */ = {
			isa = XCBuildConfiguration;
			baseConfigurationReference = 3B0190D933C407A0140C2FBB /* Pods-RequestManBaTests.release.xcconfig */;
			buildSettings = {
				BUNDLE_LOADER = "$(TEST_HOST)";
				CODE_SIGN_STYLE = Automatic;
				INFOPLIST_FILE = RequestManBaTests/Info.plist;
				IPHONEOS_DEPLOYMENT_TARGET = 13.5;
				LD_RUNPATH_SEARCH_PATHS = (
					"$(inherited)",
					"@executable_path/Frameworks",
					"@loader_path/Frameworks",
				);
				PRODUCT_BUNDLE_IDENTIFIER = com.maba.RequestManBaTests;
				PRODUCT_NAME = "$(TARGET_NAME)";
				TARGETED_DEVICE_FAMILY = "1,2";
				TEST_HOST = "$(BUILT_PRODUCTS_DIR)/RequestManBa.app/RequestManBa";
			};
			name = Release;
		};
		499447D824921B2900035769 /* Debug */ = {
			isa = XCBuildConfiguration;
			baseConfigurationReference = 1644E14AFC4C4CF0058D5744 /* Pods-RequestManBa-RequestManBaUITests.debug.xcconfig */;
			buildSettings = {
				CODE_SIGN_STYLE = Automatic;
				INFOPLIST_FILE = RequestManBaUITests/Info.plist;
				LD_RUNPATH_SEARCH_PATHS = (
					"$(inherited)",
					"@executable_path/Frameworks",
					"@loader_path/Frameworks",
				);
				PRODUCT_BUNDLE_IDENTIFIER = com.maba.RequestManBaUITests;
				PRODUCT_NAME = "$(TARGET_NAME)";
				TARGETED_DEVICE_FAMILY = "1,2";
				TEST_TARGET_NAME = RequestManBa;
			};
			name = Debug;
		};
		499447D924921B2900035769 /* Release */ = {
			isa = XCBuildConfiguration;
			baseConfigurationReference = FB077AB20C4D55FD73C7E511 /* Pods-RequestManBa-RequestManBaUITests.release.xcconfig */;
			buildSettings = {
				CODE_SIGN_STYLE = Automatic;
				INFOPLIST_FILE = RequestManBaUITests/Info.plist;
				LD_RUNPATH_SEARCH_PATHS = (
					"$(inherited)",
					"@executable_path/Frameworks",
					"@loader_path/Frameworks",
				);
				PRODUCT_BUNDLE_IDENTIFIER = com.maba.RequestManBaUITests;
				PRODUCT_NAME = "$(TARGET_NAME)";
				TARGETED_DEVICE_FAMILY = "1,2";
				TEST_TARGET_NAME = RequestManBa;
			};
			name = Release;
		};
/* End XCBuildConfiguration section */

/* Begin XCConfigurationList section */
		4994479D24921B2700035769 /* Build configuration list for PBXProject "RequestManBa" */ = {
			isa = XCConfigurationList;
			buildConfigurations = (
				499447CF24921B2900035769 /* Debug */,
				499447D024921B2900035769 /* Release */,
			);
			defaultConfigurationIsVisible = 0;
			defaultConfigurationName = Release;
		};
		499447D124921B2900035769 /* Build configuration list for PBXNativeTarget "RequestManBa" */ = {
			isa = XCConfigurationList;
			buildConfigurations = (
				499447D224921B2900035769 /* Debug */,
				499447D324921B2900035769 /* Release */,
			);
			defaultConfigurationIsVisible = 0;
			defaultConfigurationName = Release;
		};
		499447D424921B2900035769 /* Build configuration list for PBXNativeTarget "RequestManBaTests" */ = {
			isa = XCConfigurationList;
			buildConfigurations = (
				499447D524921B2900035769 /* Debug */,
				499447D624921B2900035769 /* Release */,
			);
			defaultConfigurationIsVisible = 0;
			defaultConfigurationName = Release;
		};
		499447D724921B2900035769 /* Build configuration list for PBXNativeTarget "RequestManBaUITests" */ = {
			isa = XCConfigurationList;
			buildConfigurations = (
				499447D824921B2900035769 /* Debug */,
				499447D924921B2900035769 /* Release */,
			);
			defaultConfigurationIsVisible = 0;
			defaultConfigurationName = Release;
		};
/* End XCConfigurationList section */
	};
	rootObject = 4994479A24921B2700035769 /* Project object */;
}
